# This file is automatically @generated by Cargo.
# It is not intended for manual editing.
version = 4

[[package]]
name = "leemusync-api"
version = "0.0.0"

[[package]]
name = "leemusync-cli"
version = "0.0.0"

[[package]]
name = "leemusync-core"
version = "0.0.0"

[[package]]
name = "leemusync-crypto"
version = "0.0.0"

[[package]]
name = "leemusync-daemon"
version = "0.0.0"

[[package]]
name = "leemusync-engine"
version = "0.0.0"

[[package]]
name = "leemusync-ipc"
version = "0.0.0"

[[package]]
name = "leemusync-store"
version = "0.0.0"
